
Microsoft Visual Studio Solution File, Format Version 12.00
# Visual Studio Version 16
VisualStudioVersion = 16.0.31729.503
MinimumVisualStudioVersion = 10.0.40219.1
Project("{8BC9CEB8-8B4A-11D0-8D11-00A0C91BC942}") = "Ezfrags", "Ezfrags\Ezfrags.vcxproj", "{A5502949-41D2-47BC-9AD3-0BDF34E83300}"
EndProject
Global
	GlobalSection(SolutionConfigurationPlatforms) = preSolution
		Debug|x64 = Debug|x64
		Debug|x86 = Debug|x86
		Release|x64 = Release|x64
		Release|x86 = Release|x86
	EndGlobalSection
	GlobalSection(ProjectConfigurationPlatforms) = postSolution
		{A5502949-41D2-47BC-9AD3-0BDF34E83300}.Debug|x64.ActiveCfg = Debug|x64
		{A5502949-41D2-47BC-9AD3-0BDF34E83300}.Debug|x64.Build.0 = Debug|x64
		{A5502949-41D2-47BC-9AD3-0BDF34E83300}.Debug|x86.ActiveCfg = Debug|Win32
		{A5502949-41D2-47BC-9AD3-0BDF34E83300}.Debug|x86.Build.0 = Debug|Win32
		{A5502949-41D2-47BC-9AD3-0BDF34E83300}.Release|x64.ActiveCfg = Release|x64
		{A5502949-41D2-47BC-9AD3-0BDF34E83300}.Release|x64.Build.0 = Release|x64
		{A5502949-41D2-47BC-9AD3-0BDF34E83300}.Release|x86.ActiveCfg = Release|Win32
		{A5502949-41D2-47BC-9AD3-0BDF34E83300}.Release|x86.Build.0 = Release|Win32
	EndGlobalSection
	GlobalSection(SolutionProperties) = preSolution
		HideSolutionNode = FALSE
	EndGlobalSection
	GlobalSection(ExtensibilityGlobals) = postSolution
		SolutionGuid = {182C1B8B-3A39-4D63-A976-D0317374C0BF}
	EndGlobalSection
EndGlobal
